
Microsoft Visual Studio Solution File, Format Version 12.00
# Visual Studio Version 16
VisualStudioVersion = 16.0.30413.136
MinimumVisualStudioVersion = 10.0.40219.1
Project("{FAE04EC0-301F-11D3-BF4B-00C04F79EFBC}") = "Entidades", "Entidades\Entidades.csproj", "{C00C085E-4C5A-45DC-A147-357D737EECC1}"
EndProject
Project("{FAE04EC0-301F-11D3-BF4B-00C04F79EFBC}") = "MiCalculadora", "MiCalculadora\MiCalculadora.csproj", "{6D6E981C-C55C-44AF-9170-AC10F47CBA05}"
EndProject
Global
	GlobalSection(SolutionConfigurationPlatforms) = preSolution
		Debug|Any CPU = Debug|Any CPU
		Release|Any CPU = Release|Any CPU
	EndGlobalSection
	GlobalSection(ProjectConfigurationPlatforms) = postSolution
		{C00C085E-4C5A-45DC-A147-357D737EECC1}.Debug|Any CPU.ActiveCfg = Debug|Any CPU
		{C00C085E-4C5A-45DC-A147-357D737EECC1}.Debug|Any CPU.Build.0 = Debug|Any CPU
		{C00C085E-4C5A-45DC-A147-357D737EECC1}.Release|Any CPU.ActiveCfg = Release|Any CPU
		{C00C085E-4C5A-45DC-A147-357D737EECC1}.Release|Any CPU.Build.0 = Release|Any CPU
		{6D6E981C-C55C-44AF-9170-AC10F47CBA05}.Debug|Any CPU.ActiveCfg = Debug|Any CPU
		{6D6E981C-C55C-44AF-9170-AC10F47CBA05}.Debug|Any CPU.Build.0 = Debug|Any CPU
		{6D6E981C-C55C-44AF-9170-AC10F47CBA05}.Release|Any CPU.ActiveCfg = Release|Any CPU
		{6D6E981C-C55C-44AF-9170-AC10F47CBA05}.Release|Any CPU.Build.0 = Release|Any CPU
	EndGlobalSection
	GlobalSection(SolutionProperties) = preSolution
		HideSolutionNode = FALSE
	EndGlobalSection
	GlobalSection(ExtensibilityGlobals) = postSolution
		SolutionGuid = {9AB4D722-B3DB-4AEF-A234-AA7D032D8631}
	EndGlobalSection
EndGlobal
